{
  "name": "@theroyalwhee0/highseal-azurekeyvault",
  "version": "0.0.1",
  "lockfileVersion": 2,
  "requires": true,
  "packages": {
    "": {
      "name": "@theroyalwhee0/highseal-azurekeyvault",
      "version": "0.0.1",
      "license": "Apache-2.0",
      "dependencies": {
        "@theroyalwhee0/highseal-ext": "0.0.1"
      }
    },
    "node_modules/@theroyalwhee0/highseal-ext": {
      "version": "0.0.1",
      "resolved": "https://registry.npmjs.org/@theroyalwhee0/highseal-ext/-/highseal-ext-0.0.1.tgz",
      "integrity": "sha512-gx+zDOATI8mccI7YvrmDSep55C6qhrktt7dx86nC2aqWTKTZXhLBrCmAlgSzUiNkgywt+VjUjywF894Uf8N78A=="
    }
  },
  "dependencies": {
    "@theroyalwhee0/highseal-ext": {
      "version": "0.0.1",
      "resolved": "https://registry.npmjs.org/@theroyalwhee0/highseal-ext/-/highseal-ext-0.0.1.tgz",
      "integrity": "sha512-gx+zDOATI8mccI7YvrmDSep55C6qhrktt7dx86nC2aqWTKTZXhLBrCmAlgSzUiNkgywt+VjUjywF894Uf8N78A=="
    }
  }
}
